# Generated by move; do not edit
# This file should be checked in.

[move]
version = 4

[pinned.mainnet.MoveStdlib]
source = { git = "https://github.com/MystenLabs/sui.git", subdir = "crates/sui-framework/packages/move-stdlib", rev = "22f9fc9781732d651e18384c9a8eb1dabddf73a6" }
use_environment = "mainnet"
manifest_digest = "C4FE4C91DE74CBF223B2E380AE40F592177D21870DC2D7EB6227D2D694E05363"
deps = {}

[pinned.mainnet.MoveStdlib_1]
source = { git = "https://github.com/MystenLabs/sui.git", subdir = "crates/sui-framework/packages/move-stdlib", rev = "04dd28d5c5d92bff685ddfecb86f8acce18ce6df" }
use_environment = "mainnet"
manifest_digest = "C4FE4C91DE74CBF223B2E380AE40F592177D21870DC2D7EB6227D2D694E05363"
deps = {}

[pinned.mainnet.Pyth]
source = { git = "https://github.com/naviprotocol/pyth-crosschain.git", subdir = "target_chains/sui/contracts", rev = "1880b24c6acfaac101747f863c5047fff9adaa0f" }
use_environment = "mainnet"
manifest_digest = "C981BFE5D31B50DB795278F9617725C1C2AEDFE52970A2E02D2B5636175470AB"
deps = { Sui = "Sui_1", Wormhole = "Wormhole" }

[pinned.mainnet.Sui]
source = { git = "https://github.com/MystenLabs/sui.git", subdir = "crates/sui-framework/packages/sui-framework", rev = "22f9fc9781732d651e18384c9a8eb1dabddf73a6" }
use_environment = "mainnet"
manifest_digest = "CD547CB1ACCE0880C835DAED2D8FFCB91D56C833AE5240D3AA5B918398263195"
deps = { MoveStdlib = "MoveStdlib" }

[pinned.mainnet.SuiSystem]
source = { git = "https://github.com/MystenLabs/sui.git", subdir = "crates/sui-framework/packages/sui-system", rev = "22f9fc9781732d651e18384c9a8eb1dabddf73a6" }
use_environment = "mainnet"
manifest_digest = "CCBB2DE961DACC94644C65D54E808DEF86BC7E9C42A494D5250CC5F99392E069"
deps = { MoveStdlib = "MoveStdlib", Sui = "Sui" }

[pinned.mainnet.Sui_1]
source = { git = "https://github.com/MystenLabs/sui.git", subdir = "crates/sui-framework/packages/sui-framework", rev = "04dd28d5c5d92bff685ddfecb86f8acce18ce6df" }
use_environment = "mainnet"
manifest_digest = "CD547CB1ACCE0880C835DAED2D8FFCB91D56C833AE5240D3AA5B918398263195"
deps = { MoveStdlib = "MoveStdlib_1" }

[pinned.mainnet.SupraOracle]
source = { git = "https://github.com/naviprotocol/supra-oracle.git", subdir = "supra_holder", rev = "0d41a846e75cff18da44e462260bf60c73417c8e" }
use_environment = "mainnet"
manifest_digest = "CDD606D609F32BF36A2C06E7DB0E6BBBA82B7EC29C58D217D0AFCED1E87ED550"
deps = { Sui = "Sui_1", supra_validator = "supra_validator" }

[pinned.mainnet.Wormhole]
source = { git = "https://github.com/naviprotocol/wormhole.git", subdir = "sui/wormhole", rev = "7749aff1380b0f63743d36856a5934de606483ba" }
use_environment = "mainnet"
manifest_digest = "3876920E3F5449B657525E749B996C31141507452514AF2E259F5441554DCDDF"
deps = { Sui = "Sui_1" }

[pinned.mainnet.lending_core]
source = { root = true }
use_environment = "mainnet"
manifest_digest = "345663D1239E7C7EEF8B0DF907E8E92F561947FF2110791295DE0CD4DAA5DE29"
deps = { liquid_staking = "liquid_staking", oracle = "oracle", std = "MoveStdlib", sui = "Sui", sui_system = "SuiSystem" }

[pinned.mainnet.liquid_staking]
source = { local = "../volo_liquid_staking" }
use_environment = "mainnet"
manifest_digest = "5088FADDD8E68B81993124941C625140D78354C8DCD372C440055B66B7604874"
deps = { std = "MoveStdlib", sui = "Sui", sui_system = "SuiSystem" }

[pinned.mainnet.oracle]
source = { local = "../oracle" }
use_environment = "mainnet"
manifest_digest = "61C421A7488AD39608122B4B2B99C81A45E4B6BD18B671B631F11A416E6B6ABF"
deps = { Pyth = "Pyth", Sui = "Sui_1", SupraOracle = "SupraOracle" }

[pinned.mainnet.supra_utils]
source = { git = "https://github.com/naviprotocol/supra-oracle.git", subdir = "supra_utils", rev = "0d41a846e75cff18da44e462260bf60c73417c8e" }
use_environment = "mainnet"
manifest_digest = "3876920E3F5449B657525E749B996C31141507452514AF2E259F5441554DCDDF"
deps = { Sui = "Sui_1" }

[pinned.mainnet.supra_validator]
source = { git = "https://github.com/naviprotocol/supra-oracle.git", subdir = "supra_validator", rev = "0d41a846e75cff18da44e462260bf60c73417c8e" }
use_environment = "mainnet"
manifest_digest = "6972115A9F4DCD60D13D7BB34F2D42245F8743B737EA8651F3DF6669BC3D6C93"
deps = { Sui = "Sui_1", supra_utils = "supra_utils" }
